
Microsoft Visual Studio Solution File, Format Version 12.00
# Visual Studio Version 16
VisualStudioVersion = 16.0.29911.84
MinimumVisualStudioVersion = 10.0.40219.1
Project("{FAE04EC0-301F-11D3-BF4B-00C04F79EFBC}") = "anitwached", "anitwached.csproj", "{12CF69B3-C302-4634-ADDF-78A41E6459A3}"
EndProject
Global
	GlobalSection(SolutionConfigurationPlatforms) = preSolution
		Debug|Any CPU = Debug|Any CPU
		Release|Any CPU = Release|Any CPU
	EndGlobalSection
	GlobalSection(ProjectConfigurationPlatforms) = postSolution
		{12CF69B3-C302-4634-ADDF-78A41E6459A3}.Debug|Any CPU.ActiveCfg = Debug|Any CPU
		{12CF69B3-C302-4634-ADDF-78A41E6459A3}.Debug|Any CPU.Build.0 = Debug|Any CPU
		{12CF69B3-C302-4634-ADDF-78A41E6459A3}.Release|Any CPU.ActiveCfg = Release|Any CPU
		{12CF69B3-C302-4634-ADDF-78A41E6459A3}.Release|Any CPU.Build.0 = Release|Any CPU
	EndGlobalSection
	GlobalSection(SolutionProperties) = preSolution
		HideSolutionNode = FALSE
	EndGlobalSection
	GlobalSection(ExtensibilityGlobals) = postSolution
		SolutionGuid = {A7AEAB1B-B506-4850-B598-6A61CDC5C907}
	EndGlobalSection
EndGlobal
